
Microsoft Visual Studio Solution File, Format Version 12.00
# Visual Studio Version 16
VisualStudioVersion = 16.0.30320.27
MinimumVisualStudioVersion = 10.0.40219.1
Project("{8BC9CEB8-8B4A-11D0-8D11-00A0C91BC942}") = "Baekjoon1003", "Baekjoon1003\Baekjoon1003.vcxproj", "{F609F853-6B36-4F7C-BFE7-59C533B01B3B}"
EndProject
Global
	GlobalSection(SolutionConfigurationPlatforms) = preSolution
		Debug|x64 = Debug|x64
		Debug|x86 = Debug|x86
		Release|x64 = Release|x64
		Release|x86 = Release|x86
	EndGlobalSection
	GlobalSection(ProjectConfigurationPlatforms) = postSolution
		{F609F853-6B36-4F7C-BFE7-59C533B01B3B}.Debug|x64.ActiveCfg = Debug|x64
		{F609F853-6B36-4F7C-BFE7-59C533B01B3B}.Debug|x64.Build.0 = Debug|x64
		{F609F853-6B36-4F7C-BFE7-59C533B01B3B}.Debug|x86.ActiveCfg = Debug|Win32
		{F609F853-6B36-4F7C-BFE7-59C533B01B3B}.Debug|x86.Build.0 = Debug|Win32
		{F609F853-6B36-4F7C-BFE7-59C533B01B3B}.Release|x64.ActiveCfg = Release|x64
		{F609F853-6B36-4F7C-BFE7-59C533B01B3B}.Release|x64.Build.0 = Release|x64
		{F609F853-6B36-4F7C-BFE7-59C533B01B3B}.Release|x86.ActiveCfg = Release|Win32
		{F609F853-6B36-4F7C-BFE7-59C533B01B3B}.Release|x86.Build.0 = Release|Win32
	EndGlobalSection
	GlobalSection(SolutionProperties) = preSolution
		HideSolutionNode = FALSE
	EndGlobalSection
	GlobalSection(ExtensibilityGlobals) = postSolution
		SolutionGuid = {F93A05CF-0B0E-41C9-A9C5-E975DE1A11EE}
	EndGlobalSection
EndGlobal
